
Microsoft Visual Studio Solution File, Format Version 12.00
# Visual Studio Version 17
VisualStudioVersion = 17.10.35013.160
MinimumVisualStudioVersion = 10.0.40219.1
Project("{FAE04EC0-301F-11D3-BF4B-00C04F79EFBC}") = "Dong Xuan Market Online", "Dong Xuan Market Online.csproj", "{0766AB9B-DE54-4788-ACA1-181DB4A2AD51}"
EndProject
Global
	GlobalSection(SolutionConfigurationPlatforms) = preSolution
		Debug|Any CPU = Debug|Any CPU
		Release|Any CPU = Release|Any CPU
	EndGlobalSection
	GlobalSection(ProjectConfigurationPlatforms) = postSolution
		{0766AB9B-DE54-4788-ACA1-181DB4A2AD51}.Debug|Any CPU.ActiveCfg = Debug|Any CPU
		{0766AB9B-DE54-4788-ACA1-181DB4A2AD51}.Debug|Any CPU.Build.0 = Debug|Any CPU
		{0766AB9B-DE54-4788-ACA1-181DB4A2AD51}.Release|Any CPU.ActiveCfg = Release|Any CPU
		{0766AB9B-DE54-4788-ACA1-181DB4A2AD51}.Release|Any CPU.Build.0 = Release|Any CPU
	EndGlobalSection
	GlobalSection(SolutionProperties) = preSolution
		HideSolutionNode = FALSE
	EndGlobalSection
	GlobalSection(ExtensibilityGlobals) = postSolution
		SolutionGuid = {865D76AB-1C68-47B7-8362-AD90333740C1}
	EndGlobalSection
EndGlobal
